
Microsoft Visual Studio Solution File, Format Version 12.00
# Visual Studio Version 17
VisualStudioVersion = 17.8.34511.84
MinimumVisualStudioVersion = 10.0.40219.1
Project("{FAE04EC0-301F-11D3-BF4B-00C04F79EFBC}") = "eAppointmentServer.Domain", "eAppointmentServer.Domain\eAppointmentServer.Domain.csproj", "{8A20AB5F-3629-4E91-809D-79F1C157ABF6}"
EndProject
Project("{FAE04EC0-301F-11D3-BF4B-00C04F79EFBC}") = "eAppointmentServer.Application", "eAppointmentServer.Application\eAppointmentServer.Application.csproj", "{C32A7C4F-A750-4AEB-B576-9FF72793FF9F}"
EndProject
Project("{FAE04EC0-301F-11D3-BF4B-00C04F79EFBC}") = "eAppointment.Infrastructure", "eAppointment.Infrastructure\eAppointment.Infrastructure.csproj", "{1310D68C-4347-44BC-BD05-5FE1608E9B38}"
EndProject
Project("{FAE04EC0-301F-11D3-BF4B-00C04F79EFBC}") = "eAppointment.WebAPI", "eAppointment.WebAPI\eAppointment.WebAPI.csproj", "{FA9F0FAA-8B69-41E3-A632-1E11020BD548}"
EndProject
Global
	GlobalSection(SolutionConfigurationPlatforms) = preSolution
		Debug|Any CPU = Debug|Any CPU
		Release|Any CPU = Release|Any CPU
	EndGlobalSection
	GlobalSection(ProjectConfigurationPlatforms) = postSolution
		{8A20AB5F-3629-4E91-809D-79F1C157ABF6}.Debug|Any CPU.ActiveCfg = Debug|Any CPU
		{8A20AB5F-3629-4E91-809D-79F1C157ABF6}.Debug|Any CPU.Build.0 = Debug|Any CPU
		{8A20AB5F-3629-4E91-809D-79F1C157ABF6}.Release|Any CPU.ActiveCfg = Release|Any CPU
		{8A20AB5F-3629-4E91-809D-79F1C157ABF6}.Release|Any CPU.Build.0 = Release|Any CPU
		{C32A7C4F-A750-4AEB-B576-9FF72793FF9F}.Debug|Any CPU.ActiveCfg = Debug|Any CPU
		{C32A7C4F-A750-4AEB-B576-9FF72793FF9F}.Debug|Any CPU.Build.0 = Debug|Any CPU
		{C32A7C4F-A750-4AEB-B576-9FF72793FF9F}.Release|Any CPU.ActiveCfg = Release|Any CPU
		{C32A7C4F-A750-4AEB-B576-9FF72793FF9F}.Release|Any CPU.Build.0 = Release|Any CPU
		{1310D68C-4347-44BC-BD05-5FE1608E9B38}.Debug|Any CPU.ActiveCfg = Debug|Any CPU
		{1310D68C-4347-44BC-BD05-5FE1608E9B38}.Debug|Any CPU.Build.0 = Debug|Any CPU
		{1310D68C-4347-44BC-BD05-5FE1608E9B38}.Release|Any CPU.ActiveCfg = Release|Any CPU
		{1310D68C-4347-44BC-BD05-5FE1608E9B38}.Release|Any CPU.Build.0 = Release|Any CPU
		{FA9F0FAA-8B69-41E3-A632-1E11020BD548}.Debug|Any CPU.ActiveCfg = Debug|Any CPU
		{FA9F0FAA-8B69-41E3-A632-1E11020BD548}.Debug|Any CPU.Build.0 = Debug|Any CPU
		{FA9F0FAA-8B69-41E3-A632-1E11020BD548}.Release|Any CPU.ActiveCfg = Release|Any CPU
		{FA9F0FAA-8B69-41E3-A632-1E11020BD548}.Release|Any CPU.Build.0 = Release|Any CPU
	EndGlobalSection
	GlobalSection(SolutionProperties) = preSolution
		HideSolutionNode = FALSE
	EndGlobalSection
	GlobalSection(ExtensibilityGlobals) = postSolution
		SolutionGuid = {416FEDA8-540F-4132-9FC4-5905A9C70C6E}
	EndGlobalSection
EndGlobal
